// !$*UTF8*$!
{
	archiveVersion = 1;
	classes = {
	};
	objectVersion = 56;
	objects = {

/* Begin PBXBuildFile section */
		AB80613A2A9E1DA5004E2157 /* AdvertisementPresenter.swift in Sources */ = {isa = PBXBuildFile; fileRef = AB8061392A9E1DA5004E2157 /* AdvertisementPresenter.swift */; };
		AB80613C2A9E1EF7004E2157 /* AdvertisementService.swift in Sources */ = {isa = PBXBuildFile; fileRef = AB80613B2A9E1EF7004E2157 /* AdvertisementService.swift */; };
		AB80613F2A9E1FA3004E2157 /* AdvertisementDetailModel.swift in Sources */ = {isa = PBXBuildFile; fileRef = AB80613E2A9E1FA3004E2157 /* AdvertisementDetailModel.swift */; };
		AB8061422A9E60D0004E2157 /* UIEdgeInsets+.swift in Sources */ = {isa = PBXBuildFile; fileRef = AB8061412A9E60D0004E2157 /* UIEdgeInsets+.swift */; };
		ABB398BD2A97DC7A000C81D8 /* AppDelegate.swift in Sources */ = {isa = PBXBuildFile; fileRef = ABB398BC2A97DC7A000C81D8 /* AppDelegate.swift */; };
		ABB398BF2A97DC7A000C81D8 /* SceneDelegate.swift in Sources */ = {isa = PBXBuildFile; fileRef = ABB398BE2A97DC7A000C81D8 /* SceneDelegate.swift */; };
		ABB398C12A97DC7A000C81D8 /* AdvertisementListViewController.swift in Sources */ = {isa = PBXBuildFile; fileRef = ABB398C02A97DC7A000C81D8 /* AdvertisementListViewController.swift */; };
		ABB398C62A97DC7B000C81D8 /* Assets.xcassets in Resources */ = {isa = PBXBuildFile; fileRef = ABB398C52A97DC7B000C81D8 /* Assets.xcassets */; };
		ABB398C92A97DC7B000C81D8 /* LaunchScreen.storyboard in Resources */ = {isa = PBXBuildFile; fileRef = ABB398C72A97DC7B000C81D8 /* LaunchScreen.storyboard */; };
		ABB398D52A97E22A000C81D8 /* NetworkManager.swift in Sources */ = {isa = PBXBuildFile; fileRef = ABB398D42A97E22A000C81D8 /* NetworkManager.swift */; };
		ABB398D72A97E6FB000C81D8 /* Request.swift in Sources */ = {isa = PBXBuildFile; fileRef = ABB398D62A97E6FB000C81D8 /* Request.swift */; };
		ABB398D92A991B88000C81D8 /* AdvertisementListRequest.swift in Sources */ = {isa = PBXBuildFile; fileRef = ABB398D82A991B88000C81D8 /* AdvertisementListRequest.swift */; };
		ABB398DC2A992B28000C81D8 /* AdvertismentRequest.swift in Sources */ = {isa = PBXBuildFile; fileRef = ABB398DB2A992B28000C81D8 /* AdvertismentRequest.swift */; };
		ABB398DE2A99338F000C81D8 /* AdvertisementListService.swift in Sources */ = {isa = PBXBuildFile; fileRef = ABB398DD2A99338F000C81D8 /* AdvertisementListService.swift */; };
		ABB398E02A993C2F000C81D8 /* AdvertisementsDecoder.swift in Sources */ = {isa = PBXBuildFile; fileRef = ABB398DF2A993C2F000C81D8 /* AdvertisementsDecoder.swift */; };
		ABB398E32A993D86000C81D8 /* AdvertisementsModel.swift in Sources */ = {isa = PBXBuildFile; fileRef = ABB398E22A993D86000C81D8 /* AdvertisementsModel.swift */; };
		ABB398E52A994206000C81D8 /* AdvertisementListModel.swift in Sources */ = {isa = PBXBuildFile; fileRef = ABB398E42A994206000C81D8 /* AdvertisementListModel.swift */; };
		ABB398E72A9B63D3000C81D8 /* AdvertisementListPresenter.swift in Sources */ = {isa = PBXBuildFile; fileRef = ABB398E62A9B63D3000C81D8 /* AdvertisementListPresenter.swift */; };
		ABB398E92A9B6496000C81D8 /* AdvertisementListDataSource.swift in Sources */ = {isa = PBXBuildFile; fileRef = ABB398E82A9B6496000C81D8 /* AdvertisementListDataSource.swift */; };
		ABB398EC2A9B70C7000C81D8 /* AdretisementsListCell.swift in Sources */ = {isa = PBXBuildFile; fileRef = ABB398EB2A9B70C7000C81D8 /* AdretisementsListCell.swift */; };
		ABB398EF2A9B7120000C81D8 /* Identifiable.swift in Sources */ = {isa = PBXBuildFile; fileRef = ABB398EE2A9B7120000C81D8 /* Identifiable.swift */; };
		ABB398F12A9B7279000C81D8 /* UICollectionViewCell+.swift in Sources */ = {isa = PBXBuildFile; fileRef = ABB398F02A9B7279000C81D8 /* UICollectionViewCell+.swift */; };
		ABB398F32A9B72BC000C81D8 /* UICollectionView+.swift in Sources */ = {isa = PBXBuildFile; fileRef = ABB398F22A9B72BC000C81D8 /* UICollectionView+.swift */; };
		ABB398F52A9BAAAE000C81D8 /* AdvertesementListViewModel.swift in Sources */ = {isa = PBXBuildFile; fileRef = ABB398F42A9BAAAE000C81D8 /* AdvertesementListViewModel.swift */; };
		ABB398F82A9BB32D000C81D8 /* SDWebImage in Frameworks */ = {isa = PBXBuildFile; productRef = ABB398F72A9BB32D000C81D8 /* SDWebImage */; };
		ABB398FB2A9BB3BB000C81D8 /* SnapKit in Frameworks */ = {isa = PBXBuildFile; productRef = ABB398FA2A9BB3BB000C81D8 /* SnapKit */; };
		ABB399002A9D0529000C81D8 /* RequestError.swift in Sources */ = {isa = PBXBuildFile; fileRef = ABB398FF2A9D0529000C81D8 /* RequestError.swift */; };
		ABB399032A9DDF78000C81D8 /* AdvertisementViewController.swift in Sources */ = {isa = PBXBuildFile; fileRef = ABB399022A9DDF78000C81D8 /* AdvertisementViewController.swift */; };
/* End PBXBuildFile section */

/* Begin PBXFileReference section */
		AB8061392A9E1DA5004E2157 /* AdvertisementPresenter.swift */ = {isa = PBXFileReference; lastKnownFileType = sourcecode.swift; path = AdvertisementPresenter.swift; sourceTree = "<group>"; };
		AB80613B2A9E1EF7004E2157 /* AdvertisementService.swift */ = {isa = PBXFileReference; lastKnownFileType = sourcecode.swift; path = AdvertisementService.swift; sourceTree = "<group>"; };
		AB80613E2A9E1FA3004E2157 /* AdvertisementDetailModel.swift */ = {isa = PBXFileReference; lastKnownFileType = sourcecode.swift; path = AdvertisementDetailModel.swift; sourceTree = "<group>"; };
		AB8061412A9E60D0004E2157 /* UIEdgeInsets+.swift */ = {isa = PBXFileReference; lastKnownFileType = sourcecode.swift; path = "UIEdgeInsets+.swift"; sourceTree = "<group>"; };
		ABB398B92A97DC7A000C81D8 /* Advertisements.app */ = {isa = PBXFileReference; explicitFileType = wrapper.application; includeInIndex = 0; path = Advertisements.app; sourceTree = BUILT_PRODUCTS_DIR; };
		ABB398BC2A97DC7A000C81D8 /* AppDelegate.swift */ = {isa = PBXFileReference; lastKnownFileType = sourcecode.swift; path = AppDelegate.swift; sourceTree = "<group>"; };
		ABB398BE2A97DC7A000C81D8 /* SceneDelegate.swift */ = {isa = PBXFileReference; lastKnownFileType = sourcecode.swift; path = SceneDelegate.swift; sourceTree = "<group>"; };
		ABB398C02A97DC7A000C81D8 /* AdvertisementListViewController.swift */ = {isa = PBXFileReference; lastKnownFileType = sourcecode.swift; path = AdvertisementListViewController.swift; sourceTree = "<group>"; };
		ABB398C52A97DC7B000C81D8 /* Assets.xcassets */ = {isa = PBXFileReference; lastKnownFileType = folder.assetcatalog; path = Assets.xcassets; sourceTree = "<group>"; };
		ABB398C82A97DC7B000C81D8 /* Base */ = {isa = PBXFileReference; lastKnownFileType = file.storyboard; name = Base; path = Base.lproj/LaunchScreen.storyboard; sourceTree = "<group>"; };
		ABB398CA2A97DC7B000C81D8 /* Info.plist */ = {isa = PBXFileReference; lastKnownFileType = text.plist.xml; path = Info.plist; sourceTree = "<group>"; };
		ABB398D42A97E22A000C81D8 /* NetworkManager.swift */ = {isa = PBXFileReference; lastKnownFileType = sourcecode.swift; path = NetworkManager.swift; sourceTree = "<group>"; };
		ABB398D62A97E6FB000C81D8 /* Request.swift */ = {isa = PBXFileReference; lastKnownFileType = sourcecode.swift; path = Request.swift; sourceTree = "<group>"; };
		ABB398D82A991B88000C81D8 /* AdvertisementListRequest.swift */ = {isa = PBXFileReference; lastKnownFileType = sourcecode.swift; path = AdvertisementListRequest.swift; sourceTree = "<group>"; };
		ABB398DB2A992B28000C81D8 /* AdvertismentRequest.swift */ = {isa = PBXFileReference; lastKnownFileType = sourcecode.swift; path = AdvertismentRequest.swift; sourceTree = "<group>"; };
		ABB398DD2A99338F000C81D8 /* AdvertisementListService.swift */ = {isa = PBXFileReference; lastKnownFileType = sourcecode.swift; path = AdvertisementListService.swift; sourceTree = "<group>"; };
		ABB398DF2A993C2F000C81D8 /* AdvertisementsDecoder.swift */ = {isa = PBXFileReference; lastKnownFileType = sourcecode.swift; path = AdvertisementsDecoder.swift; sourceTree = "<group>"; };
		ABB398E22A993D86000C81D8 /* AdvertisementsModel.swift */ = {isa = PBXFileReference; lastKnownFileType = sourcecode.swift; path = AdvertisementsModel.swift; sourceTree = "<group>"; };
		ABB398E42A994206000C81D8 /* AdvertisementListModel.swift */ = {isa = PBXFileReference; lastKnownFileType = sourcecode.swift; path = AdvertisementListModel.swift; sourceTree = "<group>"; };
		ABB398E62A9B63D3000C81D8 /* AdvertisementListPresenter.swift */ = {isa = PBXFileReference; lastKnownFileType = sourcecode.swift; path = AdvertisementListPresenter.swift; sourceTree = "<group>"; };
		ABB398E82A9B6496000C81D8 /* AdvertisementListDataSource.swift */ = {isa = PBXFileReference; lastKnownFileType = sourcecode.swift; path = AdvertisementListDataSource.swift; sourceTree = "<group>"; };
		ABB398EB2A9B70C7000C81D8 /* AdretisementsListCell.swift */ = {isa = PBXFileReference; lastKnownFileType = sourcecode.swift; path = AdretisementsListCell.swift; sourceTree = "<group>"; };
		ABB398EE2A9B7120000C81D8 /* Identifiable.swift */ = {isa = PBXFileReference; lastKnownFileType = sourcecode.swift; path = Identifiable.swift; sourceTree = "<group>"; };
		ABB398F02A9B7279000C81D8 /* UICollectionViewCell+.swift */ = {isa = PBXFileReference; lastKnownFileType = sourcecode.swift; path = "UICollectionViewCell+.swift"; sourceTree = "<group>"; };
		ABB398F22A9B72BC000C81D8 /* UICollectionView+.swift */ = {isa = PBXFileReference; lastKnownFileType = sourcecode.swift; path = "UICollectionView+.swift"; sourceTree = "<group>"; };
		ABB398F42A9BAAAE000C81D8 /* AdvertesementListViewModel.swift */ = {isa = PBXFileReference; lastKnownFileType = sourcecode.swift; path = AdvertesementListViewModel.swift; sourceTree = "<group>"; };
		ABB398FF2A9D0529000C81D8 /* RequestError.swift */ = {isa = PBXFileReference; lastKnownFileType = sourcecode.swift; path = RequestError.swift; sourceTree = "<group>"; };
		ABB399022A9DDF78000C81D8 /* AdvertisementViewController.swift */ = {isa = PBXFileReference; lastKnownFileType = sourcecode.swift; path = AdvertisementViewController.swift; sourceTree = "<group>"; };
/* End PBXFileReference section */

/* Begin PBXFrameworksBuildPhase section */
		ABB398B62A97DC7A000C81D8 /* Frameworks */ = {
			isa = PBXFrameworksBuildPhase;
			buildActionMask = 2147483647;
			files = (
				ABB398F82A9BB32D000C81D8 /* SDWebImage in Frameworks */,
				ABB398FB2A9BB3BB000C81D8 /* SnapKit in Frameworks */,
			);
			runOnlyForDeploymentPostprocessing = 0;
		};
/* End PBXFrameworksBuildPhase section */

/* Begin PBXGroup section */
		AB8061402A9E60BE004E2157 /* Common */ = {
			isa = PBXGroup;
			children = (
				AB8061412A9E60D0004E2157 /* UIEdgeInsets+.swift */,
				ABB398F02A9B7279000C81D8 /* UICollectionViewCell+.swift */,
				ABB398F22A9B72BC000C81D8 /* UICollectionView+.swift */,
			);
			path = Common;
			sourceTree = "<group>";
		};
		ABB398B02A97DC7A000C81D8 = {
			isa = PBXGroup;
			children = (
				ABB398BB2A97DC7A000C81D8 /* Advertisements */,
				ABB398BA2A97DC7A000C81D8 /* Products */,
			);
			sourceTree = "<group>";
		};
		ABB398BA2A97DC7A000C81D8 /* Products */ = {
			isa = PBXGroup;
			children = (
				ABB398B92A97DC7A000C81D8 /* Advertisements.app */,
			);
			name = Products;
			sourceTree = "<group>";
		};
		ABB398BB2A97DC7A000C81D8 /* Advertisements */ = {
			isa = PBXGroup;
			children = (
				ABB398D12A97E0A4000C81D8 /* Presentation */,
				ABB398D22A97E114000C81D8 /* Service */,
				ABB398D32A97E140000C81D8 /* Core */,
				ABB398ED2A9B7104000C81D8 /* Helpers */,
				ABB398D02A97DF3E000C81D8 /* Supporting files */,
			);
			path = Advertisements;
			sourceTree = "<group>";
		};
		ABB398D02A97DF3E000C81D8 /* Supporting files */ = {
			isa = PBXGroup;
			children = (
				ABB398BC2A97DC7A000C81D8 /* AppDelegate.swift */,
				ABB398BE2A97DC7A000C81D8 /* SceneDelegate.swift */,
				ABB398C52A97DC7B000C81D8 /* Assets.xcassets */,
				ABB398C72A97DC7B000C81D8 /* LaunchScreen.storyboard */,
				ABB398CA2A97DC7B000C81D8 /* Info.plist */,
			);
			path = "Supporting files";
			sourceTree = "<group>";
		};
		ABB398D12A97E0A4000C81D8 /* Presentation */ = {
			isa = PBXGroup;
			children = (
				AB8061402A9E60BE004E2157 /* Common */,
				ABB399012A9DDF0B000C81D8 /* Advertisement */,
				ABB398FE2A9CBE40000C81D8 /* AdvertisementList */,
			);
			path = Presentation;
			sourceTree = "<group>";
		};
		ABB398D22A97E114000C81D8 /* Service */ = {
			isa = PBXGroup;
			children = (
				ABB398DD2A99338F000C81D8 /* AdvertisementListService.swift */,
				AB80613B2A9E1EF7004E2157 /* AdvertisementService.swift */,
			);
			path = Service;
			sourceTree = "<group>";
		};
		ABB398D32A97E140000C81D8 /* Core */ = {
			isa = PBXGroup;
			children = (
				ABB398E12A993D47000C81D8 /* ApiModels */,
				ABB398DA2A99272F000C81D8 /* Requests */,
				ABB398D42A97E22A000C81D8 /* NetworkManager.swift */,
				ABB398DF2A993C2F000C81D8 /* AdvertisementsDecoder.swift */,
			);
			path = Core;
			sourceTree = "<group>";
		};
		ABB398DA2A99272F000C81D8 /* Requests */ = {
			isa = PBXGroup;
			children = (
				ABB398D62A97E6FB000C81D8 /* Request.swift */,
				ABB398D82A991B88000C81D8 /* AdvertisementListRequest.swift */,
				ABB398DB2A992B28000C81D8 /* AdvertismentRequest.swift */,
			);
			path = Requests;
			sourceTree = "<group>";
		};
		ABB398E12A993D47000C81D8 /* ApiModels */ = {
			isa = PBXGroup;
			children = (
				ABB398E22A993D86000C81D8 /* AdvertisementsModel.swift */,
				ABB398E42A994206000C81D8 /* AdvertisementListModel.swift */,
				AB80613E2A9E1FA3004E2157 /* AdvertisementDetailModel.swift */,
			);
			path = ApiModels;
			sourceTree = "<group>";
		};
		ABB398EA2A9B70A6000C81D8 /* Cells */ = {
			isa = PBXGroup;
			children = (
				ABB398EB2A9B70C7000C81D8 /* AdretisementsListCell.swift */,
			);
			path = Cells;
			sourceTree = "<group>";
		};
		ABB398ED2A9B7104000C81D8 /* Helpers */ = {
			isa = PBXGroup;
			children = (
				ABB398FF2A9D0529000C81D8 /* RequestError.swift */,
				ABB398EE2A9B7120000C81D8 /* Identifiable.swift */,
			);
			path = Helpers;
			sourceTree = "<group>";
		};
		ABB398FE2A9CBE40000C81D8 /* AdvertisementList */ = {
			isa = PBXGroup;
			children = (
				ABB398EA2A9B70A6000C81D8 /* Cells */,
				ABB398C02A97DC7A000C81D8 /* AdvertisementListViewController.swift */,
				ABB398E62A9B63D3000C81D8 /* AdvertisementListPresenter.swift */,
				ABB398E82A9B6496000C81D8 /* AdvertisementListDataSource.swift */,
				ABB398F42A9BAAAE000C81D8 /* AdvertesementListViewModel.swift */,
			);
			path = AdvertisementList;
			sourceTree = "<group>";
		};
		ABB399012A9DDF0B000C81D8 /* Advertisement */ = {
			isa = PBXGroup;
			children = (
				ABB399022A9DDF78000C81D8 /* AdvertisementViewController.swift */,
				AB8061392A9E1DA5004E2157 /* AdvertisementPresenter.swift */,
			);
			path = Advertisement;
			sourceTree = "<group>";
		};
/* End PBXGroup section */

/* Begin PBXNativeTarget section */
		ABB398B82A97DC7A000C81D8 /* Advertisements */ = {
			isa = PBXNativeTarget;
			buildConfigurationList = ABB398CD2A97DC7B000C81D8 /* Build configuration list for PBXNativeTarget "Advertisements" */;
			buildPhases = (
				ABB398B52A97DC7A000C81D8 /* Sources */,
				ABB398B62A97DC7A000C81D8 /* Frameworks */,
				ABB398B72A97DC7A000C81D8 /* Resources */,
			);
			buildRules = (
			);
			dependencies = (
			);
			name = Advertisements;
			packageProductDependencies = (
				ABB398F72A9BB32D000C81D8 /* SDWebImage */,
				ABB398FA2A9BB3BB000C81D8 /* SnapKit */,
			);
			productName = Advertisements;
			productReference = ABB398B92A97DC7A000C81D8 /* Advertisements.app */;
			productType = "com.apple.product-type.application";
		};
/* End PBXNativeTarget section */

/* Begin PBXProject section */
		ABB398B12A97DC7A000C81D8 /* Project object */ = {
			isa = PBXProject;
			attributes = {
				BuildIndependentTargetsInParallel = 1;
				LastSwiftUpdateCheck = 1420;
				LastUpgradeCheck = 1420;
				TargetAttributes = {
					ABB398B82A97DC7A000C81D8 = {
						CreatedOnToolsVersion = 14.2;
					};
				};
			};
			buildConfigurationList = ABB398B42A97DC7A000C81D8 /* Build configuration list for PBXProject "Advertisements" */;
			compatibilityVersion = "Xcode 14.0";
			developmentRegion = en;
			hasScannedForEncodings = 0;
			knownRegions = (
				en,
				Base,
			);
			mainGroup = ABB398B02A97DC7A000C81D8;
			packageReferences = (
				ABB398F62A9BB32D000C81D8 /* XCRemoteSwiftPackageReference "SDWebImage" */,
				ABB398F92A9BB3BB000C81D8 /* XCRemoteSwiftPackageReference "SnapKit" */,
			);
			productRefGroup = ABB398BA2A97DC7A000C81D8 /* Products */;
			projectDirPath = "";
			projectRoot = "";
			targets = (
				ABB398B82A97DC7A000C81D8 /* Advertisements */,
			);
		};
/* End PBXProject section */

/* Begin PBXResourcesBuildPhase section */
		ABB398B72A97DC7A000C81D8 /* Resources */ = {
			isa = PBXResourcesBuildPhase;
			buildActionMask = 2147483647;
			files = (
				ABB398C92A97DC7B000C81D8 /* LaunchScreen.storyboard in Resources */,
				ABB398C62A97DC7B000C81D8 /* Assets.xcassets in Resources */,
			);
			runOnlyForDeploymentPostprocessing = 0;
		};
/* End PBXResourcesBuildPhase section */

/* Begin PBXSourcesBuildPhase section */
		ABB398B52A97DC7A000C81D8 /* Sources */ = {
			isa = PBXSourcesBuildPhase;
			buildActionMask = 2147483647;
			files = (
				ABB399032A9DDF78000C81D8 /* AdvertisementViewController.swift in Sources */,
				ABB398F52A9BAAAE000C81D8 /* AdvertesementListViewModel.swift in Sources */,
				AB8061422A9E60D0004E2157 /* UIEdgeInsets+.swift in Sources */,
				ABB398D52A97E22A000C81D8 /* NetworkManager.swift in Sources */,
				AB80613C2A9E1EF7004E2157 /* AdvertisementService.swift in Sources */,
				ABB398E32A993D86000C81D8 /* AdvertisementsModel.swift in Sources */,
				ABB398E02A993C2F000C81D8 /* AdvertisementsDecoder.swift in Sources */,
				AB80613A2A9E1DA5004E2157 /* AdvertisementPresenter.swift in Sources */,
				ABB398E92A9B6496000C81D8 /* AdvertisementListDataSource.swift in Sources */,
				ABB398EC2A9B70C7000C81D8 /* AdretisementsListCell.swift in Sources */,
				ABB398C12A97DC7A000C81D8 /* AdvertisementListViewController.swift in Sources */,
				ABB398F12A9B7279000C81D8 /* UICollectionViewCell+.swift in Sources */,
				ABB398D72A97E6FB000C81D8 /* Request.swift in Sources */,
				ABB398E52A994206000C81D8 /* AdvertisementListModel.swift in Sources */,
				ABB398F32A9B72BC000C81D8 /* UICollectionView+.swift in Sources */,
				AB80613F2A9E1FA3004E2157 /* AdvertisementDetailModel.swift in Sources */,
				ABB398E72A9B63D3000C81D8 /* AdvertisementListPresenter.swift in Sources */,
				ABB398DE2A99338F000C81D8 /* AdvertisementListService.swift in Sources */,
				ABB398BD2A97DC7A000C81D8 /* AppDelegate.swift in Sources */,
				ABB399002A9D0529000C81D8 /* RequestError.swift in Sources */,
				ABB398BF2A97DC7A000C81D8 /* SceneDelegate.swift in Sources */,
				ABB398DC2A992B28000C81D8 /* AdvertismentRequest.swift in Sources */,
				ABB398EF2A9B7120000C81D8 /* Identifiable.swift in Sources */,
				ABB398D92A991B88000C81D8 /* AdvertisementListRequest.swift in Sources */,
			);
			runOnlyForDeploymentPostprocessing = 0;
		};
/* End PBXSourcesBuildPhase section */

/* Begin PBXVariantGroup section */
		ABB398C72A97DC7B000C81D8 /* LaunchScreen.storyboard */ = {
			isa = PBXVariantGroup;
			children = (
				ABB398C82A97DC7B000C81D8 /* Base */,
			);
			name = LaunchScreen.storyboard;
			sourceTree = "<group>";
		};
/* End PBXVariantGroup section */

/* Begin XCBuildConfiguration section */
		ABB398CB2A97DC7B000C81D8 /* Debug */ = {
			isa = XCBuildConfiguration;
			buildSettings = {
				ALWAYS_SEARCH_USER_PATHS = NO;
				CLANG_ANALYZER_NONNULL = YES;
				CLANG_ANALYZER_NUMBER_OBJECT_CONVERSION = YES_AGGRESSIVE;
				CLANG_CXX_LANGUAGE_STANDARD = "gnu++20";
				CLANG_ENABLE_MODULES = YES;
				CLANG_ENABLE_OBJC_ARC = YES;
				CLANG_ENABLE_OBJC_WEAK = YES;
				CLANG_WARN_BLOCK_CAPTURE_AUTORELEASING = YES;
				CLANG_WARN_BOOL_CONVERSION = YES;
				CLANG_WARN_COMMA = YES;
				CLANG_WARN_CONSTANT_CONVERSION = YES;
				CLANG_WARN_DEPRECATED_OBJC_IMPLEMENTATIONS = YES;
				CLANG_WARN_DIRECT_OBJC_ISA_USAGE = YES_ERROR;
				CLANG_WARN_DOCUMENTATION_COMMENTS = YES;
				CLANG_WARN_EMPTY_BODY = YES;
				CLANG_WARN_ENUM_CONVERSION = YES;
				CLANG_WARN_INFINITE_RECURSION = YES;
				CLANG_WARN_INT_CONVERSION = YES;
				CLANG_WARN_NON_LITERAL_NULL_CONVERSION = YES;
				CLANG_WARN_OBJC_IMPLICIT_RETAIN_SELF = YES;
				CLANG_WARN_OBJC_LITERAL_CONVERSION = YES;
				CLANG_WARN_OBJC_ROOT_CLASS = YES_ERROR;
				CLANG_WARN_QUOTED_INCLUDE_IN_FRAMEWORK_HEADER = YES;
				CLANG_WARN_RANGE_LOOP_ANALYSIS = YES;
				CLANG_WARN_STRICT_PROTOTYPES = YES;
				CLANG_WARN_SUSPICIOUS_MOVE = YES;
				CLANG_WARN_UNGUARDED_AVAILABILITY = YES_AGGRESSIVE;
				CLANG_WARN_UNREACHABLE_CODE = YES;
				CLANG_WARN__DUPLICATE_METHOD_MATCH = YES;
				COPY_PHASE_STRIP = NO;
				DEBUG_INFORMATION_FORMAT = dwarf;
				ENABLE_STRICT_OBJC_MSGSEND = YES;
				ENABLE_TESTABILITY = YES;
				GCC_C_LANGUAGE_STANDARD = gnu11;
				GCC_DYNAMIC_NO_PIC = NO;
				GCC_NO_COMMON_BLOCKS = YES;
				GCC_OPTIMIZATION_LEVEL = 0;
				GCC_PREPROCESSOR_DEFINITIONS = (
					"DEBUG=1",
					"$(inherited)",
				);
				GCC_WARN_64_TO_32_BIT_CONVERSION = YES;
				GCC_WARN_ABOUT_RETURN_TYPE = YES_ERROR;
				GCC_WARN_UNDECLARED_SELECTOR = YES;
				GCC_WARN_UNINITIALIZED_AUTOS = YES_AGGRESSIVE;
				GCC_WARN_UNUSED_FUNCTION = YES;
				GCC_WARN_UNUSED_VARIABLE = YES;
				IPHONEOS_DEPLOYMENT_TARGET = 16.2;
				MTL_ENABLE_DEBUG_INFO = INCLUDE_SOURCE;
				MTL_FAST_MATH = YES;
				ONLY_ACTIVE_ARCH = YES;
				SDKROOT = iphoneos;
				SWIFT_ACTIVE_COMPILATION_CONDITIONS = DEBUG;
				SWIFT_OPTIMIZATION_LEVEL = "-Onone";
			};
			name = Debug;
		};
		ABB398CC2A97DC7B000C81D8 /* Release */ = {
			isa = XCBuildConfiguration;
			buildSettings = {
				ALWAYS_SEARCH_USER_PATHS = NO;
				CLANG_ANALYZER_NONNULL = YES;
				CLANG_ANALYZER_NUMBER_OBJECT_CONVERSION = YES_AGGRESSIVE;
				CLANG_CXX_LANGUAGE_STANDARD = "gnu++20";
				CLANG_ENABLE_MODULES = YES;
				CLANG_ENABLE_OBJC_ARC = YES;
				CLANG_ENABLE_OBJC_WEAK = YES;
				CLANG_WARN_BLOCK_CAPTURE_AUTORELEASING = YES;
				CLANG_WARN_BOOL_CONVERSION = YES;
				CLANG_WARN_COMMA = YES;
				CLANG_WARN_CONSTANT_CONVERSION = YES;
				CLANG_WARN_DEPRECATED_OBJC_IMPLEMENTATIONS = YES;
				CLANG_WARN_DIRECT_OBJC_ISA_USAGE = YES_ERROR;
				CLANG_WARN_DOCUMENTATION_COMMENTS = YES;
				CLANG_WARN_EMPTY_BODY = YES;
				CLANG_WARN_ENUM_CONVERSION = YES;
				CLANG_WARN_INFINITE_RECURSION = YES;
				CLANG_WARN_INT_CONVERSION = YES;
				CLANG_WARN_NON_LITERAL_NULL_CONVERSION = YES;
				CLANG_WARN_OBJC_IMPLICIT_RETAIN_SELF = YES;
				CLANG_WARN_OBJC_LITERAL_CONVERSION = YES;
				CLANG_WARN_OBJC_ROOT_CLASS = YES_ERROR;
				CLANG_WARN_QUOTED_INCLUDE_IN_FRAMEWORK_HEADER = YES;
				CLANG_WARN_RANGE_LOOP_ANALYSIS = YES;
				CLANG_WARN_STRICT_PROTOTYPES = YES;
				CLANG_WARN_SUSPICIOUS_MOVE = YES;
				CLANG_WARN_UNGUARDED_AVAILABILITY = YES_AGGRESSIVE;
				CLANG_WARN_UNREACHABLE_CODE = YES;
				CLANG_WARN__DUPLICATE_METHOD_MATCH = YES;
				COPY_PHASE_STRIP = NO;
				DEBUG_INFORMATION_FORMAT = "dwarf-with-dsym";
				ENABLE_NS_ASSERTIONS = NO;
				ENABLE_STRICT_OBJC_MSGSEND = YES;
				GCC_C_LANGUAGE_STANDARD = gnu11;
				GCC_NO_COMMON_BLOCKS = YES;
				GCC_WARN_64_TO_32_BIT_CONVERSION = YES;
				GCC_WARN_ABOUT_RETURN_TYPE = YES_ERROR;
				GCC_WARN_UNDECLARED_SELECTOR = YES;
				GCC_WARN_UNINITIALIZED_AUTOS = YES_AGGRESSIVE;
				GCC_WARN_UNUSED_FUNCTION = YES;
				GCC_WARN_UNUSED_VARIABLE = YES;
				IPHONEOS_DEPLOYMENT_TARGET = 16.2;
				MTL_ENABLE_DEBUG_INFO = NO;
				MTL_FAST_MATH = YES;
				SDKROOT = iphoneos;
				SWIFT_COMPILATION_MODE = wholemodule;
				SWIFT_OPTIMIZATION_LEVEL = "-O";
				VALIDATE_PRODUCT = YES;
			};
			name = Release;
		};
		ABB398CE2A97DC7B000C81D8 /* Debug */ = {
			isa = XCBuildConfiguration;
			buildSettings = {
				ASSETCATALOG_COMPILER_APPICON_NAME = AppIcon;
				ASSETCATALOG_COMPILER_GLOBAL_ACCENT_COLOR_NAME = AccentColor;
				CODE_SIGN_STYLE = Automatic;
				CURRENT_PROJECT_VERSION = 1;
				GENERATE_INFOPLIST_FILE = YES;
				INFOPLIST_FILE = "Advertisements/Supporting files/Info.plist";
				INFOPLIST_KEY_UIApplicationSupportsIndirectInputEvents = YES;
				INFOPLIST_KEY_UILaunchStoryboardName = LaunchScreen;
				INFOPLIST_KEY_UIStatusBarStyle = "";
				INFOPLIST_KEY_UISupportedInterfaceOrientations = UIInterfaceOrientationPortrait;
				LD_RUNPATH_SEARCH_PATHS = (
					"$(inherited)",
					"@executable_path/Frameworks",
				);
				MARKETING_VERSION = 1.0;
				PRODUCT_BUNDLE_IDENTIFIER = com.ritulya.Advertisements;
				PRODUCT_NAME = "$(TARGET_NAME)";
				SWIFT_EMIT_LOC_STRINGS = YES;
				SWIFT_VERSION = 5.0;
				TARGETED_DEVICE_FAMILY = "1,2";
			};
			name = Debug;
		};
		ABB398CF2A97DC7B000C81D8 /* Release */ = {
			isa = XCBuildConfiguration;
			buildSettings = {
				ASSETCATALOG_COMPILER_APPICON_NAME = AppIcon;
				ASSETCATALOG_COMPILER_GLOBAL_ACCENT_COLOR_NAME = AccentColor;
				CODE_SIGN_STYLE = Automatic;
				CURRENT_PROJECT_VERSION = 1;
				GENERATE_INFOPLIST_FILE = YES;
				INFOPLIST_FILE = "Advertisements/Supporting files/Info.plist";
				INFOPLIST_KEY_UIApplicationSupportsIndirectInputEvents = YES;
				INFOPLIST_KEY_UILaunchStoryboardName = LaunchScreen;
				INFOPLIST_KEY_UIStatusBarStyle = "";
				INFOPLIST_KEY_UISupportedInterfaceOrientations = UIInterfaceOrientationPortrait;
				LD_RUNPATH_SEARCH_PATHS = (
					"$(inherited)",
					"@executable_path/Frameworks",
				);
				MARKETING_VERSION = 1.0;
				PRODUCT_BUNDLE_IDENTIFIER = com.ritulya.Advertisements;
				PRODUCT_NAME = "$(TARGET_NAME)";
				SWIFT_EMIT_LOC_STRINGS = YES;
				SWIFT_VERSION = 5.0;
				TARGETED_DEVICE_FAMILY = "1,2";
			};
			name = Release;
		};
/* End XCBuildConfiguration section */

/* Begin XCConfigurationList section */
		ABB398B42A97DC7A000C81D8 /* Build configuration list for PBXProject "Advertisements" */ = {
			isa = XCConfigurationList;
			buildConfigurations = (
				ABB398CB2A97DC7B000C81D8 /* Debug */,
				ABB398CC2A97DC7B000C81D8 /* Release */,
			);
			defaultConfigurationIsVisible = 0;
			defaultConfigurationName = Release;
		};
		ABB398CD2A97DC7B000C81D8 /* Build configuration list for PBXNativeTarget "Advertisements" */ = {
			isa = XCConfigurationList;
			buildConfigurations = (
				ABB398CE2A97DC7B000C81D8 /* Debug */,
				ABB398CF2A97DC7B000C81D8 /* Release */,
			);
			defaultConfigurationIsVisible = 0;
			defaultConfigurationName = Release;
		};
/* End XCConfigurationList section */

/* Begin XCRemoteSwiftPackageReference section */
		ABB398F62A9BB32D000C81D8 /* XCRemoteSwiftPackageReference "SDWebImage" */ = {
			isa = XCRemoteSwiftPackageReference;
			repositoryURL = "https://github.com/SDWebImage/SDWebImage.git";
			requirement = {
				kind = upToNextMajorVersion;
				minimumVersion = 5.1.0;
			};
		};
		ABB398F92A9BB3BB000C81D8 /* XCRemoteSwiftPackageReference "SnapKit" */ = {
			isa = XCRemoteSwiftPackageReference;
			repositoryURL = "https://github.com/SnapKit/SnapKit.git";
			requirement = {
				kind = upToNextMajorVersion;
				minimumVersion = 5.0.1;
			};
		};
/* End XCRemoteSwiftPackageReference section */

/* Begin XCSwiftPackageProductDependency section */
		ABB398F72A9BB32D000C81D8 /* SDWebImage */ = {
			isa = XCSwiftPackageProductDependency;
			package = ABB398F62A9BB32D000C81D8 /* XCRemoteSwiftPackageReference "SDWebImage" */;
			productName = SDWebImage;
		};
		ABB398FA2A9BB3BB000C81D8 /* SnapKit */ = {
			isa = XCSwiftPackageProductDependency;
			package = ABB398F92A9BB3BB000C81D8 /* XCRemoteSwiftPackageReference "SnapKit" */;
			productName = SnapKit;
		};
/* End XCSwiftPackageProductDependency section */
	};
	rootObject = ABB398B12A97DC7A000C81D8 /* Project object */;
}
